
Microsoft Visual Studio Solution File, Format Version 12.00
# Visual Studio Version 16
VisualStudioVersion = 16.0.31424.327
MinimumVisualStudioVersion = 10.0.40219.1
Project("{FAE04EC0-301F-11D3-BF4B-00C04F79EFBC}") = "AsIsoperator", "AsIsoperator\AsIsoperator.csproj", "{8DA59127-9351-4FB3-B70D-C90FFA23271D}"
EndProject
Global
	GlobalSection(SolutionConfigurationPlatforms) = preSolution
		Debug|Any CPU = Debug|Any CPU
		Release|Any CPU = Release|Any CPU
	EndGlobalSection
	GlobalSection(ProjectConfigurationPlatforms) = postSolution
		{8DA59127-9351-4FB3-B70D-C90FFA23271D}.Debug|Any CPU.ActiveCfg = Debug|Any CPU
		{8DA59127-9351-4FB3-B70D-C90FFA23271D}.Debug|Any CPU.Build.0 = Debug|Any CPU
		{8DA59127-9351-4FB3-B70D-C90FFA23271D}.Release|Any CPU.ActiveCfg = Release|Any CPU
		{8DA59127-9351-4FB3-B70D-C90FFA23271D}.Release|Any CPU.Build.0 = Release|Any CPU
	EndGlobalSection
	GlobalSection(SolutionProperties) = preSolution
		HideSolutionNode = FALSE
	EndGlobalSection
	GlobalSection(ExtensibilityGlobals) = postSolution
		SolutionGuid = {C3CB27C9-BA54-49C1-9A38-396B80D5ED0A}
	EndGlobalSection
EndGlobal
