
Microsoft Visual Studio Solution File, Format Version 12.00
# Visual Studio Version 16
VisualStudioVersion = 16.0.31424.327
MinimumVisualStudioVersion = 10.0.40219.1
Project("{FAE04EC0-301F-11D3-BF4B-00C04F79EFBC}") = "IsNullableExample", "IsNullableExample\IsNullableExample.csproj", "{EEEB5784-7D9B-43C4-BE83-DBE45BD2880C}"
EndProject
Global
	GlobalSection(SolutionConfigurationPlatforms) = preSolution
		Debug|Any CPU = Debug|Any CPU
		Release|Any CPU = Release|Any CPU
	EndGlobalSection
	GlobalSection(ProjectConfigurationPlatforms) = postSolution
		{EEEB5784-7D9B-43C4-BE83-DBE45BD2880C}.Debug|Any CPU.ActiveCfg = Debug|Any CPU
		{EEEB5784-7D9B-43C4-BE83-DBE45BD2880C}.Debug|Any CPU.Build.0 = Debug|Any CPU
		{EEEB5784-7D9B-43C4-BE83-DBE45BD2880C}.Release|Any CPU.ActiveCfg = Release|Any CPU
		{EEEB5784-7D9B-43C4-BE83-DBE45BD2880C}.Release|Any CPU.Build.0 = Release|Any CPU
	EndGlobalSection
	GlobalSection(SolutionProperties) = preSolution
		HideSolutionNode = FALSE
	EndGlobalSection
	GlobalSection(ExtensibilityGlobals) = postSolution
		SolutionGuid = {0E850D31-DB26-4B88-A888-A143D0026220}
	EndGlobalSection
EndGlobal
