
Microsoft Visual Studio Solution File, Format Version 12.00
# Visual Studio Version 16
VisualStudioVersion = 16.0.31424.327
MinimumVisualStudioVersion = 10.0.40219.1
Project("{FAE04EC0-301F-11D3-BF4B-00C04F79EFBC}") = "SqlAdapterStoredProcedure", "SqlAdapterStoredProcedure\SqlAdapterStoredProcedure.csproj", "{7E90E8BF-E58F-4F9F-9F7C-72A4D130968F}"
EndProject
Global
	GlobalSection(SolutionConfigurationPlatforms) = preSolution
		Debug|Any CPU = Debug|Any CPU
		Release|Any CPU = Release|Any CPU
	EndGlobalSection
	GlobalSection(ProjectConfigurationPlatforms) = postSolution
		{7E90E8BF-E58F-4F9F-9F7C-72A4D130968F}.Debug|Any CPU.ActiveCfg = Debug|Any CPU
		{7E90E8BF-E58F-4F9F-9F7C-72A4D130968F}.Debug|Any CPU.Build.0 = Debug|Any CPU
		{7E90E8BF-E58F-4F9F-9F7C-72A4D130968F}.Release|Any CPU.ActiveCfg = Release|Any CPU
		{7E90E8BF-E58F-4F9F-9F7C-72A4D130968F}.Release|Any CPU.Build.0 = Release|Any CPU
	EndGlobalSection
	GlobalSection(SolutionProperties) = preSolution
		HideSolutionNode = FALSE
	EndGlobalSection
	GlobalSection(ExtensibilityGlobals) = postSolution
		SolutionGuid = {A9779438-BBAD-4D22-8E00-F9E9603214AA}
	EndGlobalSection
EndGlobal
