
Microsoft Visual Studio Solution File, Format Version 12.00
# Visual Studio Version 16
VisualStudioVersion = 16.0.31424.327
MinimumVisualStudioVersion = 10.0.40219.1
Project("{FAE04EC0-301F-11D3-BF4B-00C04F79EFBC}") = "LinqToSql-01a", "LinqToSql-01a\LinqToSql-01a.csproj", "{20A3DFF6-1C4A-4FA0-B15F-6A544B030A9F}"
EndProject
Global
	GlobalSection(SolutionConfigurationPlatforms) = preSolution
		Debug|Any CPU = Debug|Any CPU
		Release|Any CPU = Release|Any CPU
	EndGlobalSection
	GlobalSection(ProjectConfigurationPlatforms) = postSolution
		{20A3DFF6-1C4A-4FA0-B15F-6A544B030A9F}.Debug|Any CPU.ActiveCfg = Debug|Any CPU
		{20A3DFF6-1C4A-4FA0-B15F-6A544B030A9F}.Debug|Any CPU.Build.0 = Debug|Any CPU
		{20A3DFF6-1C4A-4FA0-B15F-6A544B030A9F}.Release|Any CPU.ActiveCfg = Release|Any CPU
		{20A3DFF6-1C4A-4FA0-B15F-6A544B030A9F}.Release|Any CPU.Build.0 = Release|Any CPU
	EndGlobalSection
	GlobalSection(SolutionProperties) = preSolution
		HideSolutionNode = FALSE
	EndGlobalSection
	GlobalSection(ExtensibilityGlobals) = postSolution
		SolutionGuid = {BE38A81B-6DEF-4473-8FA7-E8D0A93D34D0}
	EndGlobalSection
EndGlobal
